{
  "requires": true,
  "lockfileVersion": 1,
  "dependencies": {
    "getmdl-select": {
      "version": "1.1.0",
      "resolved": "https://registry.npmjs.org/getmdl-select/-/getmdl-select-1.1.0.tgz",
      "integrity": "sha1-RBItcWeFK+Vl2ze0RPlEFA1CIxQ=",
      "requires": {
        "material-design-lite": "1.3.0"
      }
    },
    "material-design-lite": {
      "version": "1.3.0",
      "resolved": "https://registry.npmjs.org/material-design-lite/-/material-design-lite-1.3.0.tgz",
      "integrity": "sha1-0ATOP+6Zoe63Sni4oyUTSl8RcdM="
    }
  }
}
